
Microsoft Visual Studio Solution File, Format Version 12.00
# Visual Studio Version 16
VisualStudioVersion = 16.0.30503.244
MinimumVisualStudioVersion = 10.0.40219.1
Project("{9A19103F-16F7-4668-BE54-9A1E7A4F7556}") = "AddressApi", "AddressApi.csproj", "{40C8258D-CD56-4BE7-BA9A-FBB4421AAF53}"
EndProject
Project("{9A19103F-16F7-4668-BE54-9A1E7A4F7556}") = "Domain", "..\Domain\Domain.csproj", "{30057BCD-9BC7-49D7-A9DF-4223173FE59A}"
EndProject
Project("{9A19103F-16F7-4668-BE54-9A1E7A4F7556}") = "Aplication", "Aplication\Aplication.csproj", "{373EF3B6-71BB-4A39-B1F1-B37B3AEA7471}"
EndProject
Project("{9A19103F-16F7-4668-BE54-9A1E7A4F7556}") = "Dal", "Dal\Dal.csproj", "{8C3067F2-C1DC-4170-B433-69CB4688D8D7}"
EndProject
Global
	GlobalSection(SolutionConfigurationPlatforms) = preSolution
		Debug|Any CPU = Debug|Any CPU
		Release|Any CPU = Release|Any CPU
	EndGlobalSection
	GlobalSection(ProjectConfigurationPlatforms) = postSolution
		{40C8258D-CD56-4BE7-BA9A-FBB4421AAF53}.Debug|Any CPU.ActiveCfg = Debug|Any CPU
		{40C8258D-CD56-4BE7-BA9A-FBB4421AAF53}.Debug|Any CPU.Build.0 = Debug|Any CPU
		{40C8258D-CD56-4BE7-BA9A-FBB4421AAF53}.Release|Any CPU.ActiveCfg = Release|Any CPU
		{40C8258D-CD56-4BE7-BA9A-FBB4421AAF53}.Release|Any CPU.Build.0 = Release|Any CPU
		{30057BCD-9BC7-49D7-A9DF-4223173FE59A}.Debug|Any CPU.ActiveCfg = Debug|Any CPU
		{30057BCD-9BC7-49D7-A9DF-4223173FE59A}.Debug|Any CPU.Build.0 = Debug|Any CPU
		{30057BCD-9BC7-49D7-A9DF-4223173FE59A}.Release|Any CPU.ActiveCfg = Release|Any CPU
		{30057BCD-9BC7-49D7-A9DF-4223173FE59A}.Release|Any CPU.Build.0 = Release|Any CPU
		{373EF3B6-71BB-4A39-B1F1-B37B3AEA7471}.Debug|Any CPU.ActiveCfg = Debug|Any CPU
		{373EF3B6-71BB-4A39-B1F1-B37B3AEA7471}.Debug|Any CPU.Build.0 = Debug|Any CPU
		{373EF3B6-71BB-4A39-B1F1-B37B3AEA7471}.Release|Any CPU.ActiveCfg = Release|Any CPU
		{373EF3B6-71BB-4A39-B1F1-B37B3AEA7471}.Release|Any CPU.Build.0 = Release|Any CPU
		{8C3067F2-C1DC-4170-B433-69CB4688D8D7}.Debug|Any CPU.ActiveCfg = Debug|Any CPU
		{8C3067F2-C1DC-4170-B433-69CB4688D8D7}.Debug|Any CPU.Build.0 = Debug|Any CPU
		{8C3067F2-C1DC-4170-B433-69CB4688D8D7}.Release|Any CPU.ActiveCfg = Release|Any CPU
		{8C3067F2-C1DC-4170-B433-69CB4688D8D7}.Release|Any CPU.Build.0 = Release|Any CPU
	EndGlobalSection
	GlobalSection(SolutionProperties) = preSolution
		HideSolutionNode = FALSE
	EndGlobalSection
	GlobalSection(ExtensibilityGlobals) = postSolution
		SolutionGuid = {3CE852F0-2FCB-451D-9643-2A5BB2ECCB7F}
	EndGlobalSection
EndGlobal
